
Microsoft Visual Studio Solution File, Format Version 12.00
# Visual Studio Express 2012 for Web
Project("{FAE04EC0-301F-11D3-BF4B-00C04F79EFBC}") = "SEfall2014", "SEfall2014\SEfall2014.csproj", "{1EFA9D71-B2D8-475F-B787-A4CA1810DEA8}"
EndProject
Global
	GlobalSection(SolutionConfigurationPlatforms) = preSolution
		Debug|Any CPU = Debug|Any CPU
		Release|Any CPU = Release|Any CPU
	EndGlobalSection
	GlobalSection(ProjectConfigurationPlatforms) = postSolution
		{1EFA9D71-B2D8-475F-B787-A4CA1810DEA8}.Debug|Any CPU.ActiveCfg = Debug|Any CPU
		{1EFA9D71-B2D8-475F-B787-A4CA1810DEA8}.Debug|Any CPU.Build.0 = Debug|Any CPU
		{1EFA9D71-B2D8-475F-B787-A4CA1810DEA8}.Release|Any CPU.ActiveCfg = Release|Any CPU
		{1EFA9D71-B2D8-475F-B787-A4CA1810DEA8}.Release|Any CPU.Build.0 = Release|Any CPU
	EndGlobalSection
	GlobalSection(SolutionProperties) = preSolution
		HideSolutionNode = FALSE
	EndGlobalSection
EndGlobal
